# skills.lock — pin + integrity lockfile for vendored skills (aidazi)
# verify: re-hash skills/vendored/<id> tree, compare tree_sha256.
lockfile_version: 1
generated_at: 2026-06-15T13:25:19Z
skills:
  brainstorming: { repo: obra/superpowers, commit: 6fd4507659784c351abbd2bc264c7162cfd386dc, path: skills/brainstorming, license: MIT, tree_sha256: cf2b812d8cd072ea0560731218642b45133ddc4682fb783a20f20e484a66bdb5 }
  writing-plans: { repo: obra/superpowers, commit: 6fd4507659784c351abbd2bc264c7162cfd386dc, path: skills/writing-plans, license: MIT, tree_sha256: 4c35a605bec84e1a86af3675200405094f451d115b09ced4831e6c94fa9578c9 }
  test-driven-development: { repo: obra/superpowers, commit: 6fd4507659784c351abbd2bc264c7162cfd386dc, path: skills/test-driven-development, license: MIT, tree_sha256: d69fff777d2ece5980618d7804382d4e6ab691587bbe5eb7f7b3129c4cf3c39e }
  architecture-decision-records: { repo: wshobson/agents, commit: cc37bfdd292ce520ba1c44df7a3a70d5f8137236, path: plugins/documentation-generation/skills/architecture-decision-records, license: MIT, tree_sha256: 3a665b80b4aebf5cd2446fe56026464d34397caac04066ccbcde9f0e66181e1d }
  code-review-excellence: { repo: wshobson/agents, commit: cc37bfdd292ce520ba1c44df7a3a70d5f8137236, path: plugins/developer-essentials/skills/code-review-excellence, license: MIT, tree_sha256: 8e9320caa7f326450f4159121e596a7b141ba78813bc46b84119a89378421e33 }
  advanced-evaluation: { repo: muratcankoylan/Agent-Skills-for-Context-Engineering, commit: 25e1fa79a33f0985793bcab3c64dde8d020c5132, path: skills/advanced-evaluation, license: MIT, tree_sha256: 1a135d5f7b7d3e8cc4b4d2ffec1bfc18e4a7a5f292b3b9116ddb4d0dbd5ffe66 }
  using-git-worktrees: { repo: obra/superpowers, commit: 6fd4507659784c351abbd2bc264c7162cfd386dc, path: skills/using-git-worktrees, license: MIT, tree_sha256: 32be3a4291ee620aa1ee998d3e43938a758d8bca802da5806baa15ff5afdebd7 }
  frontend-design: { repo: anthropics/skills, commit: 2235be7c60b551f5de82ade908fd3816455afcda, path: skills/frontend-design, license: Apache-2.0, tree_sha256: 1c85d2efae03f05ebef44501999cefe6d294a8ad310705506fdfe08f19c36a47 }
  front-end-design-checklist: { repo: thedaviddias/Front-End-Design-Checklist, commit: 7731755ab31808503c8d05756de0a9a6bee690c7, path: README.md, license: CC0-1.0, tree_sha256: 73bb92c5bbac0624d04077757559a444454ea9fcfcead5d807ff622768b02d81 }
  web-interface-guidelines: { repo: vercel-labs/web-interface-guidelines, commit: 4e799d45c17aec1498c269287a83b9dba22b966b, path: command.md, license: MIT, tree_sha256: cae3bf247f38774eb8c865f08fcff602c61112720af185838c7e4d93e0735f11 }
  a11y-checklist: { repo: a11yproject/a11yproject.com, commit: 9c2cc2abb37711f27f7b3966d263b7aa1db43901, path: src/_data/checklists.json, license: Apache-2.0, tree_sha256: 06d9180a71d4c6e5be1596925e3e564d21a53faaba90a0725b3e27b5e7b8492f }
